// !$*UTF8*$!
{
	archiveVersion = 1;
	classes = {
	};
	objectVersion = 50;
	objects = {

/* Begin PBXBuildFile section */
		75A14D2D28FE31EF003DD28E /* AppDelegate.swift in Sources */ = {isa = PBXBuildFile; fileRef = 75A14D2C28FE31EF003DD28E /* AppDelegate.swift */; };
		75A14D2F28FE31EF003DD28E /* SceneDelegate.swift in Sources */ = {isa = PBXBuildFile; fileRef = 75A14D2E28FE31EF003DD28E /* SceneDelegate.swift */; };
		75A14D3128FE31EF003DD28E /* ViewController.swift in Sources */ = {isa = PBXBuildFile; fileRef = 75A14D3028FE31EF003DD28E /* ViewController.swift */; };
		75A14D3428FE31EF003DD28E /* Main.storyboard in Resources */ = {isa = PBXBuildFile; fileRef = 75A14D3228FE31EF003DD28E /* Main.storyboard */; };
		75A14D3628FE31F0003DD28E /* Assets.xcassets in Resources */ = {isa = PBXBuildFile; fileRef = 75A14D3528FE31F0003DD28E /* Assets.xcassets */; };
		75A14D3928FE31F0003DD28E /* LaunchScreen.storyboard in Resources */ = {isa = PBXBuildFile; fileRef = 75A14D3728FE31F0003DD28E /* LaunchScreen.storyboard */; };
		75A14D4428FE31F0003DD28E /* HackwichNineTests.swift in Sources */ = {isa = PBXBuildFile; fileRef = 75A14D4328FE31F0003DD28E /* HackwichNineTests.swift */; };
		75A14D4F28FE31F0003DD28E /* HackwichNineUITests.swift in Sources */ = {isa = PBXBuildFile; fileRef = 75A14D4E28FE31F0003DD28E /* HackwichNineUITests.swift */; };
/* End PBXBuildFile section */

/* Begin PBXContainerItemProxy section */
		75A14D4028FE31F0003DD28E /* PBXContainerItemProxy */ = {
			isa = PBXContainerItemProxy;
			containerPortal = 75A14D2128FE31EF003DD28E /* Project object */;
			proxyType = 1;
			remoteGlobalIDString = 75A14D2828FE31EF003DD28E;
			remoteInfo = HackwichNine;
		};
		75A14D4B28FE31F0003DD28E /* PBXContainerItemProxy */ = {
			isa = PBXContainerItemProxy;
			containerPortal = 75A14D2128FE31EF003DD28E /* Project object */;
			proxyType = 1;
			remoteGlobalIDString = 75A14D2828FE31EF003DD28E;
			remoteInfo = HackwichNine;
		};
/* End PBXContainerItemProxy section */

/* Begin PBXFileReference section */
		75A14D2928FE31EF003DD28E /* HackwichNine.app */ = {isa = PBXFileReference; explicitFileType = wrapper.application; includeInIndex = 0; path = HackwichNine.app; sourceTree = BUILT_PRODUCTS_DIR; };
		75A14D2C28FE31EF003DD28E /* AppDelegate.swift */ = {isa = PBXFileReference; lastKnownFileType = sourcecode.swift; path = AppDelegate.swift; sourceTree = "<group>"; };
		75A14D2E28FE31EF003DD28E /* SceneDelegate.swift */ = {isa = PBXFileReference; lastKnownFileType = sourcecode.swift; path = SceneDelegate.swift; sourceTree = "<group>"; };
		75A14D3028FE31EF003DD28E /* ViewController.swift */ = {isa = PBXFileReference; lastKnownFileType = sourcecode.swift; path = ViewController.swift; sourceTree = "<group>"; };
		75A14D3328FE31EF003DD28E /* Base */ = {isa = PBXFileReference; lastKnownFileType = file.storyboard; name = Base; path = Base.lproj/Main.storyboard; sourceTree = "<group>"; };
		75A14D3528FE31F0003DD28E /* Assets.xcassets */ = {isa = PBXFileReference; lastKnownFileType = folder.assetcatalog; path = Assets.xcassets; sourceTree = "<group>"; };
		75A14D3828FE31F0003DD28E /* Base */ = {isa = PBXFileReference; lastKnownFileType = file.storyboard; name = Base; path = Base.lproj/LaunchScreen.storyboard; sourceTree = "<group>"; };
		75A14D3A28FE31F0003DD28E /* Info.plist */ = {isa = PBXFileReference; lastKnownFileType = text.plist.xml; path = Info.plist; sourceTree = "<group>"; };
		75A14D3F28FE31F0003DD28E /* HackwichNineTests.xctest */ = {isa = PBXFileReference; explicitFileType = wrapper.cfbundle; includeInIndex = 0; path = HackwichNineTests.xctest; sourceTree = BUILT_PRODUCTS_DIR; };
		75A14D4328FE31F0003DD28E /* HackwichNineTests.swift */ = {isa = PBXFileReference; lastKnownFileType = sourcecode.swift; path = HackwichNineTests.swift; sourceTree = "<group>"; };
		75A14D4528FE31F0003DD28E /* Info.plist */ = {isa = PBXFileReference; lastKnownFileType = text.plist.xml; path = Info.plist; sourceTree = "<group>"; };
		75A14D4A28FE31F0003DD28E /* HackwichNineUITests.xctest */ = {isa = PBXFileReference; explicitFileType = wrapper.cfbundle; includeInIndex = 0; path = HackwichNineUITests.xctest; sourceTree = BUILT_PRODUCTS_DIR; };
		75A14D4E28FE31F0003DD28E /* HackwichNineUITests.swift */ = {isa = PBXFileReference; lastKnownFileType = sourcecode.swift; path = HackwichNineUITests.swift; sourceTree = "<group>"; };
		75A14D5028FE31F0003DD28E /* Info.plist */ = {isa = PBXFileReference; lastKnownFileType = text.plist.xml; path = Info.plist; sourceTree = "<group>"; };
/* End PBXFileReference section */

/* Begin PBXFrameworksBuildPhase section */
		75A14D2628FE31EF003DD28E /* Frameworks */ = {
			isa = PBXFrameworksBuildPhase;
			buildActionMask = 2147483647;
			files = (
			);
			runOnlyForDeploymentPostprocessing = 0;
		};
		75A14D3C28FE31F0003DD28E /* Frameworks */ = {
			isa = PBXFrameworksBuildPhase;
			buildActionMask = 2147483647;
			files = (
			);
			runOnlyForDeploymentPostprocessing = 0;
		};
		75A14D4728FE31F0003DD28E /* Frameworks */ = {
			isa = PBXFrameworksBuildPhase;
			buildActionMask = 2147483647;
			files = (
			);
			runOnlyForDeploymentPostprocessing = 0;
		};
/* End PBXFrameworksBuildPhase section */

/* Begin PBXGroup section */
		75A14D2028FE31EF003DD28E = {
			isa = PBXGroup;
			children = (
				75A14D2B28FE31EF003DD28E /* HackwichNine */,
				75A14D4228FE31F0003DD28E /* HackwichNineTests */,
				75A14D4D28FE31F0003DD28E /* HackwichNineUITests */,
				75A14D2A28FE31EF003DD28E /* Products */,
			);
			sourceTree = "<group>";
		};
		75A14D2A28FE31EF003DD28E /* Products */ = {
			isa = PBXGroup;
			children = (
				75A14D2928FE31EF003DD28E /* HackwichNine.app */,
				75A14D3F28FE31F0003DD28E /* HackwichNineTests.xctest */,
				75A14D4A28FE31F0003DD28E /* HackwichNineUITests.xctest */,
			);
			name = Products;
			sourceTree = "<group>";
		};
		75A14D2B28FE31EF003DD28E /* HackwichNine */ = {
			isa = PBXGroup;
			children = (
				75A14D2C28FE31EF003DD28E /* AppDelegate.swift */,
				75A14D2E28FE31EF003DD28E /* SceneDelegate.swift */,
				75A14D3028FE31EF003DD28E /* ViewController.swift */,
				75A14D3228FE31EF003DD28E /* Main.storyboard */,
				75A14D3528FE31F0003DD28E /* Assets.xcassets */,
				75A14D3728FE31F0003DD28E /* LaunchScreen.storyboard */,
				75A14D3A28FE31F0003DD28E /* Info.plist */,
			);
			path = HackwichNine;
			sourceTree = "<group>";
		};
		75A14D4228FE31F0003DD28E /* HackwichNineTests */ = {
			isa = PBXGroup;
			children = (
				75A14D4328FE31F0003DD28E /* HackwichNineTests.swift */,
				75A14D4528FE31F0003DD28E /* Info.plist */,
			);
			path = HackwichNineTests;
			sourceTree = "<group>";
		};
		75A14D4D28FE31F0003DD28E /* HackwichNineUITests */ = {
			isa = PBXGroup;
			children = (
				75A14D4E28FE31F0003DD28E /* HackwichNineUITests.swift */,
				75A14D5028FE31F0003DD28E /* Info.plist */,
			);
			path = HackwichNineUITests;
			sourceTree = "<group>";
		};
/* End PBXGroup section */

/* Begin PBXNativeTarget section */
		75A14D2828FE31EF003DD28E /* HackwichNine */ = {
			isa = PBXNativeTarget;
			buildConfigurationList = 75A14D5328FE31F0003DD28E /* Build configuration list for PBXNativeTarget "HackwichNine" */;
			buildPhases = (
				75A14D2528FE31EF003DD28E /* Sources */,
				75A14D2628FE31EF003DD28E /* Frameworks */,
				75A14D2728FE31EF003DD28E /* Resources */,
			);
			buildRules = (
			);
			dependencies = (
			);
			name = HackwichNine;
			productName = HackwichNine;
			productReference = 75A14D2928FE31EF003DD28E /* HackwichNine.app */;
			productType = "com.apple.product-type.application";
		};
		75A14D3E28FE31F0003DD28E /* HackwichNineTests */ = {
			isa = PBXNativeTarget;
			buildConfigurationList = 75A14D5628FE31F0003DD28E /* Build configuration list for PBXNativeTarget "HackwichNineTests" */;
			buildPhases = (
				75A14D3B28FE31F0003DD28E /* Sources */,
				75A14D3C28FE31F0003DD28E /* Frameworks */,
				75A14D3D28FE31F0003DD28E /* Resources */,
			);
			buildRules = (
			);
			dependencies = (
				75A14D4128FE31F0003DD28E /* PBXTargetDependency */,
			);
			name = HackwichNineTests;
			productName = HackwichNineTests;
			productReference = 75A14D3F28FE31F0003DD28E /* HackwichNineTests.xctest */;
			productType = "com.apple.product-type.bundle.unit-test";
		};
		75A14D4928FE31F0003DD28E /* HackwichNineUITests */ = {
			isa = PBXNativeTarget;
			buildConfigurationList = 75A14D5928FE31F0003DD28E /* Build configuration list for PBXNativeTarget "HackwichNineUITests" */;
			buildPhases = (
				75A14D4628FE31F0003DD28E /* Sources */,
				75A14D4728FE31F0003DD28E /* Frameworks */,
				75A14D4828FE31F0003DD28E /* Resources */,
			);
			buildRules = (
			);
			dependencies = (
				75A14D4C28FE31F0003DD28E /* PBXTargetDependency */,
			);
			name = HackwichNineUITests;
			productName = HackwichNineUITests;
			productReference = 75A14D4A28FE31F0003DD28E /* HackwichNineUITests.xctest */;
			productType = "com.apple.product-type.bundle.ui-testing";
		};
/* End PBXNativeTarget section */

/* Begin PBXProject section */
		75A14D2128FE31EF003DD28E /* Project object */ = {
			isa = PBXProject;
			attributes = {
				LastSwiftUpdateCheck = 1250;
				LastUpgradeCheck = 1250;
				TargetAttributes = {
					75A14D2828FE31EF003DD28E = {
						CreatedOnToolsVersion = 12.5;
					};
					75A14D3E28FE31F0003DD28E = {
						CreatedOnToolsVersion = 12.5;
						TestTargetID = 75A14D2828FE31EF003DD28E;
					};
					75A14D4928FE31F0003DD28E = {
						CreatedOnToolsVersion = 12.5;
						TestTargetID = 75A14D2828FE31EF003DD28E;
					};
				};
			};
			buildConfigurationList = 75A14D2428FE31EF003DD28E /* Build configuration list for PBXProject "HackwichNine" */;
			compatibilityVersion = "Xcode 9.3";
			developmentRegion = en;
			hasScannedForEncodings = 0;
			knownRegions = (
				en,
				Base,
			);
			mainGroup = 75A14D2028FE31EF003DD28E;
			productRefGroup = 75A14D2A28FE31EF003DD28E /* Products */;
			projectDirPath = "";
			projectRoot = "";
			targets = (
				75A14D2828FE31EF003DD28E /* HackwichNine */,
				75A14D3E28FE31F0003DD28E /* HackwichNineTests */,
				75A14D4928FE31F0003DD28E /* HackwichNineUITests */,
			);
		};
/* End PBXProject section */

/* Begin PBXResourcesBuildPhase section */
		75A14D2728FE31EF003DD28E /* Resources */ = {
			isa = PBXResourcesBuildPhase;
			buildActionMask = 2147483647;
			files = (
				75A14D3928FE31F0003DD28E /* LaunchScreen.storyboard in Resources */,
				75A14D3628FE31F0003DD28E /* Assets.xcassets in Resources */,
				75A14D3428FE31EF003DD28E /* Main.storyboard in Resources */,
			);
			runOnlyForDeploymentPostprocessing = 0;
		};
		75A14D3D28FE31F0003DD28E /* Resources */ = {
			isa = PBXResourcesBuildPhase;
			buildActionMask = 2147483647;
			files = (
			);
			runOnlyForDeploymentPostprocessing = 0;
		};
		75A14D4828FE31F0003DD28E /* Resources */ = {
			isa = PBXResourcesBuildPhase;
			buildActionMask = 2147483647;
			files = (
			);
			runOnlyForDeploymentPostprocessing = 0;
		};
/* End PBXResourcesBuildPhase section */

/* Begin PBXSourcesBuildPhase section */
		75A14D2528FE31EF003DD28E /* Sources */ = {
			isa = PBXSourcesBuildPhase;
			buildActionMask = 2147483647;
			files = (
				75A14D3128FE31EF003DD28E /* ViewController.swift in Sources */,
				75A14D2D28FE31EF003DD28E /* AppDelegate.swift in Sources */,
				75A14D2F28FE31EF003DD28E /* SceneDelegate.swift in Sources */,
			);
			runOnlyForDeploymentPostprocessing = 0;
		};
		75A14D3B28FE31F0003DD28E /* Sources */ = {
			isa = PBXSourcesBuildPhase;
			buildActionMask = 2147483647;
			files = (
				75A14D4428FE31F0003DD28E /* HackwichNineTests.swift in Sources */,
			);
			runOnlyForDeploymentPostprocessing = 0;
		};
		75A14D4628FE31F0003DD28E /* Sources */ = {
			isa = PBXSourcesBuildPhase;
			buildActionMask = 2147483647;
			files = (
				75A14D4F28FE31F0003DD28E /* HackwichNineUITests.swift in Sources */,
			);
			runOnlyForDeploymentPostprocessing = 0;
		};
/* End PBXSourcesBuildPhase section */

/* Begin PBXTargetDependency section */
		75A14D4128FE31F0003DD28E /* PBXTargetDependency */ = {
			isa = PBXTargetDependency;
			target = 75A14D2828FE31EF003DD28E /* HackwichNine */;
			targetProxy = 75A14D4028FE31F0003DD28E /* PBXContainerItemProxy */;
		};
		75A14D4C28FE31F0003DD28E /* PBXTargetDependency */ = {
			isa = PBXTargetDependency;
			target = 75A14D2828FE31EF003DD28E /* HackwichNine */;
			targetProxy = 75A14D4B28FE31F0003DD28E /* PBXContainerItemProxy */;
		};
/* End PBXTargetDependency section */

/* Begin PBXVariantGroup section */
		75A14D3228FE31EF003DD28E /* Main.storyboard */ = {
			isa = PBXVariantGroup;
			children = (
				75A14D3328FE31EF003DD28E /* Base */,
			);
			name = Main.storyboard;
			sourceTree = "<group>";
		};
		75A14D3728FE31F0003DD28E /* LaunchScreen.storyboard */ = {
			isa = PBXVariantGroup;
			children = (
				75A14D3828FE31F0003DD28E /* Base */,
			);
			name = LaunchScreen.storyboard;
			sourceTree = "<group>";
		};
/* End PBXVariantGroup section */

/* Begin XCBuildConfiguration section */
		75A14D5128FE31F0003DD28E /* Debug */ = {
			isa = XCBuildConfiguration;
			buildSettings = {
				ALWAYS_SEARCH_USER_PATHS = NO;
				CLANG_ANALYZER_NONNULL = YES;
				CLANG_ANALYZER_NUMBER_OBJECT_CONVERSION = YES_AGGRESSIVE;
				CLANG_CXX_LANGUAGE_STANDARD = "gnu++14";
				CLANG_CXX_LIBRARY = "libc++";
				CLANG_ENABLE_MODULES = YES;
				CLANG_ENABLE_OBJC_ARC = YES;
				CLANG_ENABLE_OBJC_WEAK = YES;
				CLANG_WARN_BLOCK_CAPTURE_AUTORELEASING = YES;
				CLANG_WARN_BOOL_CONVERSION = YES;
				CLANG_WARN_COMMA = YES;
				CLANG_WARN_CONSTANT_CONVERSION = YES;
				CLANG_WARN_DEPRECATED_OBJC_IMPLEMENTATIONS = YES;
				CLANG_WARN_DIRECT_OBJC_ISA_USAGE = YES_ERROR;
				CLANG_WARN_DOCUMENTATION_COMMENTS = YES;
				CLANG_WARN_EMPTY_BODY = YES;
				CLANG_WARN_ENUM_CONVERSION = YES;
				CLANG_WARN_INFINITE_RECURSION = YES;
				CLANG_WARN_INT_CONVERSION = YES;
				CLANG_WARN_NON_LITERAL_NULL_CONVERSION = YES;
				CLANG_WARN_OBJC_IMPLICIT_RETAIN_SELF = YES;
				CLANG_WARN_OBJC_LITERAL_CONVERSION = YES;
				CLANG_WARN_OBJC_ROOT_CLASS = YES_ERROR;
				CLANG_WARN_QUOTED_INCLUDE_IN_FRAMEWORK_HEADER = YES;
				CLANG_WARN_RANGE_LOOP_ANALYSIS = YES;
				CLANG_WARN_STRICT_PROTOTYPES = YES;
				CLANG_WARN_SUSPICIOUS_MOVE = YES;
				CLANG_WARN_UNGUARDED_AVAILABILITY = YES_AGGRESSIVE;
				CLANG_WARN_UNREACHABLE_CODE = YES;
				CLANG_WARN__DUPLICATE_METHOD_MATCH = YES;
				COPY_PHASE_STRIP = NO;
				DEBUG_INFORMATION_FORMAT = dwarf;
				ENABLE_STRICT_OBJC_MSGSEND = YES;
				ENABLE_TESTABILITY = YES;
				GCC_C_LANGUAGE_STANDARD = gnu11;
				GCC_DYNAMIC_NO_PIC = NO;
				GCC_NO_COMMON_BLOCKS = YES;
				GCC_OPTIMIZATION_LEVEL = 0;
				GCC_PREPROCESSOR_DEFINITIONS = (
					"DEBUG=1",
					"$(inherited)",
				);
				GCC_WARN_64_TO_32_BIT_CONVERSION = YES;
				GCC_WARN_ABOUT_RETURN_TYPE = YES_ERROR;
				GCC_WARN_UNDECLARED_SELECTOR = YES;
				GCC_WARN_UNINITIALIZED_AUTOS = YES_AGGRESSIVE;
				GCC_WARN_UNUSED_FUNCTION = YES;
				GCC_WARN_UNUSED_VARIABLE = YES;
				IPHONEOS_DEPLOYMENT_TARGET = 14.5;
				MTL_ENABLE_DEBUG_INFO = INCLUDE_SOURCE;
				MTL_FAST_MATH = YES;
				ONLY_ACTIVE_ARCH = YES;
				SDKROOT = iphoneos;
				SWIFT_ACTIVE_COMPILATION_CONDITIONS = DEBUG;
				SWIFT_OPTIMIZATION_LEVEL = "-Onone";
			};
			name = Debug;
		};
		75A14D5228FE31F0003DD28E /* Release */ = {
			isa = XCBuildConfiguration;
			buildSettings = {
				ALWAYS_SEARCH_USER_PATHS = NO;
				CLANG_ANALYZER_NONNULL = YES;
				CLANG_ANALYZER_NUMBER_OBJECT_CONVERSION = YES_AGGRESSIVE;
				CLANG_CXX_LANGUAGE_STANDARD = "gnu++14";
				CLANG_CXX_LIBRARY = "libc++";
				CLANG_ENABLE_MODULES = YES;
				CLANG_ENABLE_OBJC_ARC = YES;
				CLANG_ENABLE_OBJC_WEAK = YES;
				CLANG_WARN_BLOCK_CAPTURE_AUTORELEASING = YES;
				CLANG_WARN_BOOL_CONVERSION = YES;
				CLANG_WARN_COMMA = YES;
				CLANG_WARN_CONSTANT_CONVERSION = YES;
				CLANG_WARN_DEPRECATED_OBJC_IMPLEMENTATIONS = YES;
				CLANG_WARN_DIRECT_OBJC_ISA_USAGE = YES_ERROR;
				CLANG_WARN_DOCUMENTATION_COMMENTS = YES;
				CLANG_WARN_EMPTY_BODY = YES;
				CLANG_WARN_ENUM_CONVERSION = YES;
				CLANG_WARN_INFINITE_RECURSION = YES;
				CLANG_WARN_INT_CONVERSION = YES;
				CLANG_WARN_NON_LITERAL_NULL_CONVERSION = YES;
				CLANG_WARN_OBJC_IMPLICIT_RETAIN_SELF = YES;
				CLANG_WARN_OBJC_LITERAL_CONVERSION = YES;
				CLANG_WARN_OBJC_ROOT_CLASS = YES_ERROR;
				CLANG_WARN_QUOTED_INCLUDE_IN_FRAMEWORK_HEADER = YES;
				CLANG_WARN_RANGE_LOOP_ANALYSIS = YES;
				CLANG_WARN_STRICT_PROTOTYPES = YES;
				CLANG_WARN_SUSPICIOUS_MOVE = YES;
				CLANG_WARN_UNGUARDED_AVAILABILITY = YES_AGGRESSIVE;
				CLANG_WARN_UNREACHABLE_CODE = YES;
				CLANG_WARN__DUPLICATE_METHOD_MATCH = YES;
				COPY_PHASE_STRIP = NO;
				DEBUG_INFORMATION_FORMAT = "dwarf-with-dsym";
				ENABLE_NS_ASSERTIONS = NO;
				ENABLE_STRICT_OBJC_MSGSEND = YES;
				GCC_C_LANGUAGE_STANDARD = gnu11;
				GCC_NO_COMMON_BLOCKS = YES;
				GCC_WARN_64_TO_32_BIT_CONVERSION = YES;
				GCC_WARN_ABOUT_RETURN_TYPE = YES_ERROR;
				GCC_WARN_UNDECLARED_SELECTOR = YES;
				GCC_WARN_UNINITIALIZED_AUTOS = YES_AGGRESSIVE;
				GCC_WARN_UNUSED_FUNCTION = YES;
				GCC_WARN_UNUSED_VARIABLE = YES;
				IPHONEOS_DEPLOYMENT_TARGET = 14.5;
				MTL_ENABLE_DEBUG_INFO = NO;
				MTL_FAST_MATH = YES;
				SDKROOT = iphoneos;
				SWIFT_COMPILATION_MODE = wholemodule;
				SWIFT_OPTIMIZATION_LEVEL = "-O";
				VALIDATE_PRODUCT = YES;
			};
			name = Release;
		};
		75A14D5428FE31F0003DD28E /* Debug */ = {
			isa = XCBuildConfiguration;
			buildSettings = {
				ASSETCATALOG_COMPILER_APPICON_NAME = AppIcon;
				ASSETCATALOG_COMPILER_GLOBAL_ACCENT_COLOR_NAME = AccentColor;
				CODE_SIGN_STYLE = Automatic;
				DEVELOPMENT_TEAM = U98Z3PXUKW;
				INFOPLIST_FILE = HackwichNine/Info.plist;
				LD_RUNPATH_SEARCH_PATHS = (
					"$(inherited)",
					"@executable_path/Frameworks",
				);
				PRODUCT_BUNDLE_IDENTIFIER = UHWO.HackwichNine;
				PRODUCT_NAME = "$(TARGET_NAME)";
				SWIFT_VERSION = 5.0;
				TARGETED_DEVICE_FAMILY = "1,2";
			};
			name = Debug;
		};
		75A14D5528FE31F0003DD28E /* Release */ = {
			isa = XCBuildConfiguration;
			buildSettings = {
				ASSETCATALOG_COMPILER_APPICON_NAME = AppIcon;
				ASSETCATALOG_COMPILER_GLOBAL_ACCENT_COLOR_NAME = AccentColor;
				CODE_SIGN_STYLE = Automatic;
				DEVELOPMENT_TEAM = U98Z3PXUKW;
				INFOPLIST_FILE = HackwichNine/Info.plist;
				LD_RUNPATH_SEARCH_PATHS = (
					"$(inherited)",
					"@executable_path/Frameworks",
				);
				PRODUCT_BUNDLE_IDENTIFIER = UHWO.HackwichNine;
				PRODUCT_NAME = "$(TARGET_NAME)";
				SWIFT_VERSION = 5.0;
				TARGETED_DEVICE_FAMILY = "1,2";
			};
			name = Release;
		};
		75A14D5728FE31F0003DD28E /* Debug */ = {
			isa = XCBuildConfiguration;
			buildSettings = {
				ALWAYS_EMBED_SWIFT_STANDARD_LIBRARIES = YES;
				BUNDLE_LOADER = "$(TEST_HOST)";
				CODE_SIGN_STYLE = Automatic;
				DEVELOPMENT_TEAM = U98Z3PXUKW;
				INFOPLIST_FILE = HackwichNineTests/Info.plist;
				IPHONEOS_DEPLOYMENT_TARGET = 14.5;
				LD_RUNPATH_SEARCH_PATHS = (
					"$(inherited)",
					"@executable_path/Frameworks",
					"@loader_path/Frameworks",
				);
				PRODUCT_BUNDLE_IDENTIFIER = UHWO.HackwichNineTests;
				PRODUCT_NAME = "$(TARGET_NAME)";
				SWIFT_VERSION = 5.0;
				TARGETED_DEVICE_FAMILY = "1,2";
				TEST_HOST = "$(BUILT_PRODUCTS_DIR)/HackwichNine.app/HackwichNine";
			};
			name = Debug;
		};
		75A14D5828FE31F0003DD28E /* Release */ = {
			isa = XCBuildConfiguration;
			buildSettings = {
				ALWAYS_EMBED_SWIFT_STANDARD_LIBRARIES = YES;
				BUNDLE_LOADER = "$(TEST_HOST)";
				CODE_SIGN_STYLE = Automatic;
				DEVELOPMENT_TEAM = U98Z3PXUKW;
				INFOPLIST_FILE = HackwichNineTests/Info.plist;
				IPHONEOS_DEPLOYMENT_TARGET = 14.5;
				LD_RUNPATH_SEARCH_PATHS = (
					"$(inherited)",
					"@executable_path/Frameworks",
					"@loader_path/Frameworks",
				);
				PRODUCT_BUNDLE_IDENTIFIER = UHWO.HackwichNineTests;
				PRODUCT_NAME = "$(TARGET_NAME)";
				SWIFT_VERSION = 5.0;
				TARGETED_DEVICE_FAMILY = "1,2";
				TEST_HOST = "$(BUILT_PRODUCTS_DIR)/HackwichNine.app/HackwichNine";
			};
			name = Release;
		};
		75A14D5A28FE31F0003DD28E /* Debug */ = {
			isa = XCBuildConfiguration;
			buildSettings = {
				ALWAYS_EMBED_SWIFT_STANDARD_LIBRARIES = YES;
				CODE_SIGN_STYLE = Automatic;
				DEVELOPMENT_TEAM = U98Z3PXUKW;
				INFOPLIST_FILE = HackwichNineUITests/Info.plist;
				LD_RUNPATH_SEARCH_PATHS = (
					"$(inherited)",
					"@executable_path/Frameworks",
					"@loader_path/Frameworks",
				);
				PRODUCT_BUNDLE_IDENTIFIER = UHWO.HackwichNineUITests;
				PRODUCT_NAME = "$(TARGET_NAME)";
				SWIFT_VERSION = 5.0;
				TARGETED_DEVICE_FAMILY = "1,2";
				TEST_TARGET_NAME = HackwichNine;
			};
			name = Debug;
		};
		75A14D5B28FE31F0003DD28E /* Release */ = {
			isa = XCBuildConfiguration;
			buildSettings = {
				ALWAYS_EMBED_SWIFT_STANDARD_LIBRARIES = YES;
				CODE_SIGN_STYLE = Automatic;
				DEVELOPMENT_TEAM = U98Z3PXUKW;
				INFOPLIST_FILE = HackwichNineUITests/Info.plist;
				LD_RUNPATH_SEARCH_PATHS = (
					"$(inherited)",
					"@executable_path/Frameworks",
					"@loader_path/Frameworks",
				);
				PRODUCT_BUNDLE_IDENTIFIER = UHWO.HackwichNineUITests;
				PRODUCT_NAME = "$(TARGET_NAME)";
				SWIFT_VERSION = 5.0;
				TARGETED_DEVICE_FAMILY = "1,2";
				TEST_TARGET_NAME = HackwichNine;
			};
			name = Release;
		};
/* End XCBuildConfiguration section */

/* Begin XCConfigurationList section */
		75A14D2428FE31EF003DD28E /* Build configuration list for PBXProject "HackwichNine" */ = {
			isa = XCConfigurationList;
			buildConfigurations = (
				75A14D5128FE31F0003DD28E /* Debug */,
				75A14D5228FE31F0003DD28E /* Release */,
			);
			defaultConfigurationIsVisible = 0;
			defaultConfigurationName = Release;
		};
		75A14D5328FE31F0003DD28E /* Build configuration list for PBXNativeTarget "HackwichNine" */ = {
			isa = XCConfigurationList;
			buildConfigurations = (
				75A14D5428FE31F0003DD28E /* Debug */,
				75A14D5528FE31F0003DD28E /* Release */,
			);
			defaultConfigurationIsVisible = 0;
			defaultConfigurationName = Release;
		};
		75A14D5628FE31F0003DD28E /* Build configuration list for PBXNativeTarget "HackwichNineTests" */ = {
			isa = XCConfigurationList;
			buildConfigurations = (
				75A14D5728FE31F0003DD28E /* Debug */,
				75A14D5828FE31F0003DD28E /* Release */,
			);
			defaultConfigurationIsVisible = 0;
			defaultConfigurationName = Release;
		};
		75A14D5928FE31F0003DD28E /* Build configuration list for PBXNativeTarget "HackwichNineUITests" */ = {
			isa = XCConfigurationList;
			buildConfigurations = (
				75A14D5A28FE31F0003DD28E /* Debug */,
				75A14D5B28FE31F0003DD28E /* Release */,
			);
			defaultConfigurationIsVisible = 0;
			defaultConfigurationName = Release;
		};
/* End XCConfigurationList section */
	};
	rootObject = 75A14D2128FE31EF003DD28E /* Project object */;
}
